// !$*UTF8*$!
{
	archiveVersion = 1;
	classes = {
	};
	objectVersion = 77;
	objects = {

/* Begin PBXBuildFile section */
		60F791E7232A275DB197FF6A /* Pods_LearnSwiftKnowledge.framework in Frameworks */ = {isa = PBXBuildFile; fileRef = AC2041C92CFEA144CE7E7F9C /* Pods_LearnSwiftKnowledge.framework */; };
		9AE966402EFD066400A0EE53 /* DZNEmptyDataSet in Frameworks */ = {isa = PBXBuildFile; productRef = 9AE9663F2EFD066400A0EE53 /* DZNEmptyDataSet */; };
		9AE967692EFD0A0D00A0EE53 /* LSDObjcSugar in Frameworks */ = {isa = PBXBuildFile; productRef = 9AE967682EFD0A0D00A0EE53 /* LSDObjcSugar */; };
		9AE968972EFD0F6500A0EE53 /* LSDObjcSugar in Frameworks */ = {isa = PBXBuildFile; productRef = 9AE968962EFD0F6500A0EE53 /* LSDObjcSugar */; };
		9AF76F8A2EFBCA6000A9F228 /* SwiftUIX in Frameworks */ = {isa = PBXBuildFile; productRef = 9AF76F892EFBCA6000A9F228 /* SwiftUIX */; };
		9AF770222EFCD08C00A9F228 /* SwifterSwift in Frameworks */ = {isa = PBXBuildFile; productRef = 9AF770212EFCD08C00A9F228 /* SwifterSwift */; };
		9AF770B82EFCD11200A9F228 /* CombineMoya in Frameworks */ = {isa = PBXBuildFile; productRef = 9AF770B72EFCD11200A9F228 /* CombineMoya */; };
		9AF770BA2EFCD11200A9F228 /* Moya in Frameworks */ = {isa = PBXBuildFile; productRef = 9AF770B92EFCD11200A9F228 /* Moya */; };
		9AF770BC2EFCD11200A9F228 /* ReactiveMoya in Frameworks */ = {isa = PBXBuildFile; productRef = 9AF770BB2EFCD11200A9F228 /* ReactiveMoya */; };
		9AF770BE2EFCD11200A9F228 /* RxMoya in Frameworks */ = {isa = PBXBuildFile; productRef = 9AF770BD2EFCD11200A9F228 /* RxMoya */; };
		9AF771542EFCD2BB00A9F228 /* SnapKit in Frameworks */ = {isa = PBXBuildFile; productRef = 9AF771532EFCD2BB00A9F228 /* SnapKit */; };
		9AF771EC2EFCD3E400A9F228 /* CryptoSwift in Frameworks */ = {isa = PBXBuildFile; productRef = 9AF771EB2EFCD3E400A9F228 /* CryptoSwift */; };
		9AF772822EFCD47800A9F228 /* UIAdapter in Frameworks */ = {isa = PBXBuildFile; productRef = 9AF772812EFCD47800A9F228 /* UIAdapter */; };
		9AF772852EFCD4CC00A9F228 /* BonMot in Frameworks */ = {isa = PBXBuildFile; productRef = 9AF772842EFCD4CC00A9F228 /* BonMot */; };
		9AF772882EFCD68B00A9F228 /* CocoaLumberjack in Frameworks */ = {isa = PBXBuildFile; productRef = 9AF772872EFCD68B00A9F228 /* CocoaLumberjack */; };
		9AF7728A2EFCD68B00A9F228 /* CocoaLumberjackSwift in Frameworks */ = {isa = PBXBuildFile; productRef = 9AF772892EFCD68B00A9F228 /* CocoaLumberjackSwift */; };
		9AF7728C2EFCD68B00A9F228 /* CocoaLumberjackSwiftLogBackend in Frameworks */ = {isa = PBXBuildFile; productRef = 9AF7728B2EFCD68B00A9F228 /* CocoaLumberjackSwiftLogBackend */; };
		9AF773222EFCD6DB00A9F228 /* SwiftMessages in Frameworks */ = {isa = PBXBuildFile; productRef = 9AF773212EFCD6DB00A9F228 /* SwiftMessages */; };
		9AF773272EFCD75E00A9F228 /* SwiftyUserDefaults in Frameworks */ = {isa = PBXBuildFile; productRef = 9AF773262EFCD75E00A9F228 /* SwiftyUserDefaults */; };
		9AF7732A2EFCD7FE00A9F228 /* DNSPageView in Frameworks */ = {isa = PBXBuildFile; productRef = 9AF773292EFCD7FE00A9F228 /* DNSPageView */; };
		9AF7732D2EFCD88200A9F228 /* KeychainAccess in Frameworks */ = {isa = PBXBuildFile; productRef = 9AF7732C2EFCD88200A9F228 /* KeychainAccess */; };
		9AF773302EFCD8F300A9F228 /* Kingfisher in Frameworks */ = {isa = PBXBuildFile; productRef = 9AF7732F2EFCD8F300A9F228 /* Kingfisher */; };
		9AF773332EFCD94A00A9F228 /* IQKeyboardManagerSwift in Frameworks */ = {isa = PBXBuildFile; productRef = 9AF773322EFCD94A00A9F228 /* IQKeyboardManagerSwift */; };
		9AF775822EFCDDAD00A9F228 /* FSCalendar in Frameworks */ = {isa = PBXBuildFile; productRef = 9AF775812EFCDDAD00A9F228 /* FSCalendar */; };
		9AF775852EFCE09200A9F228 /* ESTabBarController in Frameworks */ = {isa = PBXBuildFile; productRef = 9AF775842EFCE09200A9F228 /* ESTabBarController */; };
		9AF775882EFCE25400A9F228 /* CropViewController in Frameworks */ = {isa = PBXBuildFile; productRef = 9AF775872EFCE25400A9F228 /* CropViewController */; };
		9AF7758A2EFCE25400A9F228 /* TOCropViewController in Frameworks */ = {isa = PBXBuildFile; productRef = 9AF775892EFCE25400A9F228 /* TOCropViewController */; };
		9AF776202EFCE2FE00A9F228 /* MJRefresh in Frameworks */ = {isa = PBXBuildFile; productRef = 9AF7761F2EFCE2FE00A9F228 /* MJRefresh */; };
		9AF776232EFCE38800A9F228 /* MBProgressHUD in Frameworks */ = {isa = PBXBuildFile; productRef = 9AF776222EFCE38800A9F228 /* MBProgressHUD */; };
		9AF776B92EFCE45400A9F228 /* SVProgressHUD in Frameworks */ = {isa = PBXBuildFile; productRef = 9AF776B82EFCE45400A9F228 /* SVProgressHUD */; };
/* End PBXBuildFile section */

/* Begin PBXFileReference section */
		95E832611A7DBE97FBACBF94 /* Pods-LearnSwiftKnowledge.release.xcconfig */ = {isa = PBXFileReference; includeInIndex = 1; lastKnownFileType = text.xcconfig; name = "Pods-LearnSwiftKnowledge.release.xcconfig"; path = "Target Support Files/Pods-LearnSwiftKnowledge/Pods-LearnSwiftKnowledge.release.xcconfig"; sourceTree = "<group>"; };
		9AF76A4C2EFB887F00A9F228 /* LearnSwiftKnowledge.app */ = {isa = PBXFileReference; explicitFileType = wrapper.application; includeInIndex = 0; path = LearnSwiftKnowledge.app; sourceTree = BUILT_PRODUCTS_DIR; };
		9C3A49433D6541B785B7935F /* Pods-LearnSwiftKnowledge.debug.xcconfig */ = {isa = PBXFileReference; includeInIndex = 1; lastKnownFileType = text.xcconfig; name = "Pods-LearnSwiftKnowledge.debug.xcconfig"; path = "Target Support Files/Pods-LearnSwiftKnowledge/Pods-LearnSwiftKnowledge.debug.xcconfig"; sourceTree = "<group>"; };
		AC2041C92CFEA144CE7E7F9C /* Pods_LearnSwiftKnowledge.framework */ = {isa = PBXFileReference; explicitFileType = wrapper.framework; includeInIndex = 0; path = Pods_LearnSwiftKnowledge.framework; sourceTree = BUILT_PRODUCTS_DIR; };
/* End PBXFileReference section */

/* Begin PBXFileSystemSynchronizedBuildFileExceptionSet section */
		9AF76DC92EFB923400A9F228 /* Exceptions for "LearnSwiftKnowledge" folder in "LearnSwiftKnowledge" target */ = {
			isa = PBXFileSystemSynchronizedBuildFileExceptionSet;
			membershipExceptions = (
				SupportFiles/Info.plist,
			);
			target = 9AF76A4B2EFB887F00A9F228 /* LearnSwiftKnowledge */;
		};
/* End PBXFileSystemSynchronizedBuildFileExceptionSet section */

/* Begin PBXFileSystemSynchronizedRootGroup section */
		9AF76D192EFB903100A9F228 /* LearnSwiftKnowledge */ = {
			isa = PBXFileSystemSynchronizedRootGroup;
			exceptions = (
				9AF76DC92EFB923400A9F228 /* Exceptions for "LearnSwiftKnowledge" folder in "LearnSwiftKnowledge" target */,
			);
			path = LearnSwiftKnowledge;
			sourceTree = "<group>";
		};
/* End PBXFileSystemSynchronizedRootGroup section */

/* Begin PBXFrameworksBuildPhase section */
		9AF76A492EFB887F00A9F228 /* Frameworks */ = {
			isa = PBXFrameworksBuildPhase;
			buildActionMask = 2147483647;
			files = (
				9AF776202EFCE2FE00A9F228 /* MJRefresh in Frameworks */,
				9AF775852EFCE09200A9F228 /* ESTabBarController in Frameworks */,
				9AF772882EFCD68B00A9F228 /* CocoaLumberjack in Frameworks */,
				9AE968972EFD0F6500A0EE53 /* LSDObjcSugar in Frameworks */,
				9AF776B92EFCE45400A9F228 /* SVProgressHUD in Frameworks */,
				9AF770222EFCD08C00A9F228 /* SwifterSwift in Frameworks */,
				9AF7732D2EFCD88200A9F228 /* KeychainAccess in Frameworks */,
				9AF771542EFCD2BB00A9F228 /* SnapKit in Frameworks */,
				9AF771EC2EFCD3E400A9F228 /* CryptoSwift in Frameworks */,
				9AF773332EFCD94A00A9F228 /* IQKeyboardManagerSwift in Frameworks */,
				9AF773222EFCD6DB00A9F228 /* SwiftMessages in Frameworks */,
				60F791E7232A275DB197FF6A /* Pods_LearnSwiftKnowledge.framework in Frameworks */,
				9AF770B82EFCD11200A9F228 /* CombineMoya in Frameworks */,
				9AF7758A2EFCE25400A9F228 /* TOCropViewController in Frameworks */,
				9AF775882EFCE25400A9F228 /* CropViewController in Frameworks */,
				9AF770BA2EFCD11200A9F228 /* Moya in Frameworks */,
				9AF772852EFCD4CC00A9F228 /* BonMot in Frameworks */,
				9AF7728A2EFCD68B00A9F228 /* CocoaLumberjackSwift in Frameworks */,
				9AF770BE2EFCD11200A9F228 /* RxMoya in Frameworks */,
				9AE967692EFD0A0D00A0EE53 /* LSDObjcSugar in Frameworks */,
				9AF7728C2EFCD68B00A9F228 /* CocoaLumberjackSwiftLogBackend in Frameworks */,
				9AF76F8A2EFBCA6000A9F228 /* SwiftUIX in Frameworks */,
				9AF772822EFCD47800A9F228 /* UIAdapter in Frameworks */,
				9AF7732A2EFCD7FE00A9F228 /* DNSPageView in Frameworks */,
				9AF770BC2EFCD11200A9F228 /* ReactiveMoya in Frameworks */,
				9AF776232EFCE38800A9F228 /* MBProgressHUD in Frameworks */,
				9AE966402EFD066400A0EE53 /* DZNEmptyDataSet in Frameworks */,
				9AF773302EFCD8F300A9F228 /* Kingfisher in Frameworks */,
				9AF775822EFCDDAD00A9F228 /* FSCalendar in Frameworks */,
				9AF773272EFCD75E00A9F228 /* SwiftyUserDefaults in Frameworks */,
			);
			runOnlyForDeploymentPostprocessing = 0;
		};
/* End PBXFrameworksBuildPhase section */

/* Begin PBXGroup section */
		9AF76A432EFB887F00A9F228 = {
			isa = PBXGroup;
			children = (
				9AF76D192EFB903100A9F228 /* LearnSwiftKnowledge */,
				9AF76A4D2EFB887F00A9F228 /* Products */,
				FDECAA8B89992D4BCA32AF98 /* Pods */,
				B447FD77F67716FA2789D1D4 /* Frameworks */,
			);
			sourceTree = "<group>";
		};
		9AF76A4D2EFB887F00A9F228 /* Products */ = {
			isa = PBXGroup;
			children = (
				9AF76A4C2EFB887F00A9F228 /* LearnSwiftKnowledge.app */,
			);
			name = Products;
			sourceTree = "<group>";
		};
		B447FD77F67716FA2789D1D4 /* Frameworks */ = {
			isa = PBXGroup;
			children = (
				AC2041C92CFEA144CE7E7F9C /* Pods_LearnSwiftKnowledge.framework */,
			);
			name = Frameworks;
			sourceTree = "<group>";
		};
		FDECAA8B89992D4BCA32AF98 /* Pods */ = {
			isa = PBXGroup;
			children = (
				9C3A49433D6541B785B7935F /* Pods-LearnSwiftKnowledge.debug.xcconfig */,
				95E832611A7DBE97FBACBF94 /* Pods-LearnSwiftKnowledge.release.xcconfig */,
			);
			path = Pods;
			sourceTree = "<group>";
		};
/* End PBXGroup section */

/* Begin PBXNativeTarget section */
		9AF76A4B2EFB887F00A9F228 /* LearnSwiftKnowledge */ = {
			isa = PBXNativeTarget;
			buildConfigurationList = 9AF76A622EFB888000A9F228 /* Build configuration list for PBXNativeTarget "LearnSwiftKnowledge" */;
			buildPhases = (
				D34B87B9B0577C64B3EE2A64 /* [CP] Check Pods Manifest.lock */,
				9AF76A482EFB887F00A9F228 /* Sources */,
				9AF76A492EFB887F00A9F228 /* Frameworks */,
				9AF76A4A2EFB887F00A9F228 /* Resources */,
				3A62C05C01F319117CEFC934 /* [CP] Embed Pods Frameworks */,
			);
			buildRules = (
			);
			dependencies = (
			);
			fileSystemSynchronizedGroups = (
				9AF76D192EFB903100A9F228 /* LearnSwiftKnowledge */,
			);
			name = LearnSwiftKnowledge;
			productName = LearnSwiftKnowledge;
			productReference = 9AF76A4C2EFB887F00A9F228 /* LearnSwiftKnowledge.app */;
			productType = "com.apple.product-type.application";
		};
/* End PBXNativeTarget section */

/* Begin PBXProject section */
		9AF76A442EFB887F00A9F228 /* Project object */ = {
			isa = PBXProject;
			attributes = {
				BuildIndependentTargetsInParallel = 1;
				LastSwiftUpdateCheck = 2620;
				LastUpgradeCheck = 2620;
				TargetAttributes = {
					9AF76A4B2EFB887F00A9F228 = {
						CreatedOnToolsVersion = 26.2;
					};
				};
			};
			buildConfigurationList = 9AF76A472EFB887F00A9F228 /* Build configuration list for PBXProject "LearnSwiftKnowledge" */;
			developmentRegion = en;
			hasScannedForEncodings = 0;
			knownRegions = (
				en,
				Base,
			);
			mainGroup = 9AF76A432EFB887F00A9F228;
			minimizedProjectReferenceProxies = 1;
			packageReferences = (
				9AF76F882EFBCA6000A9F228 /* XCRemoteSwiftPackageReference "SwiftUIX" */,
				9AF770202EFCD08C00A9F228 /* XCRemoteSwiftPackageReference "SwifterSwift" */,
				9AF770B62EFCD11200A9F228 /* XCRemoteSwiftPackageReference "Moya" */,
				9AF771522EFCD2BB00A9F228 /* XCRemoteSwiftPackageReference "SnapKit" */,
				9AF771EA2EFCD3E400A9F228 /* XCRemoteSwiftPackageReference "CryptoSwift" */,
				9AF772802EFCD47800A9F228 /* XCRemoteSwiftPackageReference "UIAdapter" */,
				9AF772832EFCD4CB00A9F228 /* XCRemoteSwiftPackageReference "BonMot" */,
				9AF772862EFCD68B00A9F228 /* XCRemoteSwiftPackageReference "CocoaLumberjack" */,
				9AF773202EFCD6DB00A9F228 /* XCRemoteSwiftPackageReference "SwiftMessages" */,
				9AF773252EFCD75E00A9F228 /* XCRemoteSwiftPackageReference "SwiftyUserDefaults" */,
				9AF773282EFCD7FE00A9F228 /* XCRemoteSwiftPackageReference "DNSPageView" */,
				9AF7732B2EFCD88200A9F228 /* XCRemoteSwiftPackageReference "KeychainAccess" */,
				9AF7732E2EFCD8F200A9F228 /* XCRemoteSwiftPackageReference "Kingfisher" */,
				9AF773312EFCD94A00A9F228 /* XCRemoteSwiftPackageReference "IQKeyboardManager" */,
				9AF775802EFCDDAD00A9F228 /* XCRemoteSwiftPackageReference "FSCalendar" */,
				9AF775832EFCE09200A9F228 /* XCRemoteSwiftPackageReference "ESTabBarController" */,
				9AF775862EFCE25400A9F228 /* XCRemoteSwiftPackageReference "TOCropViewController" */,
				9AF7761E2EFCE2FE00A9F228 /* XCRemoteSwiftPackageReference "MJRefresh" */,
				9AF776212EFCE38800A9F228 /* XCRemoteSwiftPackageReference "MBProgressHUD" */,
				9AF776B72EFCE45400A9F228 /* XCRemoteSwiftPackageReference "SVProgressHUD" */,
				9AE9663E2EFD066400A0EE53 /* XCRemoteSwiftPackageReference "DZNEmptyDataSet" */,
				9AE968952EFD0F6500A0EE53 /* XCRemoteSwiftPackageReference "LSDObjcSugar" */,
			);
			preferredProjectObjectVersion = 77;
			productRefGroup = 9AF76A4D2EFB887F00A9F228 /* Products */;
			projectDirPath = "";
			projectRoot = "";
			targets = (
				9AF76A4B2EFB887F00A9F228 /* LearnSwiftKnowledge */,
			);
		};
/* End PBXProject section */

/* Begin PBXResourcesBuildPhase section */
		9AF76A4A2EFB887F00A9F228 /* Resources */ = {
			isa = PBXResourcesBuildPhase;
			buildActionMask = 2147483647;
			files = (
			);
			runOnlyForDeploymentPostprocessing = 0;
		};
/* End PBXResourcesBuildPhase section */

/* Begin PBXShellScriptBuildPhase section */
		3A62C05C01F319117CEFC934 /* [CP] Embed Pods Frameworks */ = {
			isa = PBXShellScriptBuildPhase;
			buildActionMask = 2147483647;
			files = (
			);
			inputFileListPaths = (
				"${PODS_ROOT}/Target Support Files/Pods-LearnSwiftKnowledge/Pods-LearnSwiftKnowledge-frameworks-${CONFIGURATION}-input-files.xcfilelist",
			);
			name = "[CP] Embed Pods Frameworks";
			outputFileListPaths = (
				"${PODS_ROOT}/Target Support Files/Pods-LearnSwiftKnowledge/Pods-LearnSwiftKnowledge-frameworks-${CONFIGURATION}-output-files.xcfilelist",
			);
			runOnlyForDeploymentPostprocessing = 0;
			shellPath = /bin/sh;
			shellScript = "\"${PODS_ROOT}/Target Support Files/Pods-LearnSwiftKnowledge/Pods-LearnSwiftKnowledge-frameworks.sh\"\n";
			showEnvVarsInLog = 0;
		};
		D34B87B9B0577C64B3EE2A64 /* [CP] Check Pods Manifest.lock */ = {
			isa = PBXShellScriptBuildPhase;
			buildActionMask = 2147483647;
			files = (
			);
			inputFileListPaths = (
			);
			inputPaths = (
				"${PODS_PODFILE_DIR_PATH}/Podfile.lock",
				"${PODS_ROOT}/Manifest.lock",
			);
			name = "[CP] Check Pods Manifest.lock";
			outputFileListPaths = (
			);
			outputPaths = (
				"$(DERIVED_FILE_DIR)/Pods-LearnSwiftKnowledge-checkManifestLockResult.txt",
			);
			runOnlyForDeploymentPostprocessing = 0;
			shellPath = /bin/sh;
			shellScript = "diff \"${PODS_PODFILE_DIR_PATH}/Podfile.lock\" \"${PODS_ROOT}/Manifest.lock\" > /dev/null\nif [ $? != 0 ] ; then\n    # print error to STDERR\n    echo \"error: The sandbox is not in sync with the Podfile.lock. Run 'pod install' or update your CocoaPods installation.\" >&2\n    exit 1\nfi\n# This output is used by Xcode 'outputs' to avoid re-running this script phase.\necho \"SUCCESS\" > \"${SCRIPT_OUTPUT_FILE_0}\"\n";
			showEnvVarsInLog = 0;
		};
/* End PBXShellScriptBuildPhase section */

/* Begin PBXSourcesBuildPhase section */
		9AF76A482EFB887F00A9F228 /* Sources */ = {
			isa = PBXSourcesBuildPhase;
			buildActionMask = 2147483647;
			files = (
			);
			runOnlyForDeploymentPostprocessing = 0;
		};
/* End PBXSourcesBuildPhase section */

/* Begin XCBuildConfiguration section */
		9AF76A632EFB888000A9F228 /* Debug */ = {
			isa = XCBuildConfiguration;
			baseConfigurationReference = 9C3A49433D6541B785B7935F /* Pods-LearnSwiftKnowledge.debug.xcconfig */;
			buildSettings = {
				ASSETCATALOG_COMPILER_APPICON_NAME = AppIcon;
				ASSETCATALOG_COMPILER_GLOBAL_ACCENT_COLOR_NAME = AccentColor;
				CODE_SIGN_STYLE = Automatic;
				CURRENT_PROJECT_VERSION = 1;
				DEVELOPMENT_TEAM = UDA394K6L3;
				ENABLE_USER_SCRIPT_SANDBOXING = NO;
				GENERATE_INFOPLIST_FILE = YES;
				INFOPLIST_FILE = LearnSwiftKnowledge/SupportFiles/Info.plist;
				INFOPLIST_KEY_UIApplicationSupportsIndirectInputEvents = YES;
				INFOPLIST_KEY_UILaunchStoryboardName = LaunchScreen;
				INFOPLIST_KEY_UIMainStoryboardFile = Main;
				INFOPLIST_KEY_UISupportedInterfaceOrientations_iPad = "UIInterfaceOrientationPortrait UIInterfaceOrientationPortraitUpsideDown UIInterfaceOrientationLandscapeLeft UIInterfaceOrientationLandscapeRight";
				INFOPLIST_KEY_UISupportedInterfaceOrientations_iPhone = "UIInterfaceOrientationPortrait UIInterfaceOrientationLandscapeLeft UIInterfaceOrientationLandscapeRight";
				IPHONEOS_DEPLOYMENT_TARGET = 15.6;
				LD_RUNPATH_SEARCH_PATHS = (
					"$(inherited)",
					"@executable_path/Frameworks",
				);
				MARKETING_VERSION = 1.0;
				PRODUCT_BUNDLE_IDENTIFIER = com.hnxaca.LearnSwiftKnowledge;
				PRODUCT_NAME = "$(TARGET_NAME)";
				STRING_CATALOG_GENERATE_SYMBOLS = YES;
				SWIFT_APPROACHABLE_CONCURRENCY = YES;
				SWIFT_DEFAULT_ACTOR_ISOLATION = MainActor;
				SWIFT_EMIT_LOC_STRINGS = YES;
				SWIFT_UPCOMING_FEATURE_MEMBER_IMPORT_VISIBILITY = YES;
				SWIFT_VERSION = 5.0;
				TARGETED_DEVICE_FAMILY = "1,2";
			};
			name = Debug;
		};
		9AF76A642EFB888000A9F228 /* Release */ = {
			isa = XCBuildConfiguration;
			baseConfigurationReference = 95E832611A7DBE97FBACBF94 /* Pods-LearnSwiftKnowledge.release.xcconfig */;
			buildSettings = {
				ASSETCATALOG_COMPILER_APPICON_NAME = AppIcon;
				ASSETCATALOG_COMPILER_GLOBAL_ACCENT_COLOR_NAME = AccentColor;
				CODE_SIGN_STYLE = Automatic;
				CURRENT_PROJECT_VERSION = 1;
				DEVELOPMENT_TEAM = UDA394K6L3;
				ENABLE_USER_SCRIPT_SANDBOXING = NO;
				GENERATE_INFOPLIST_FILE = YES;
				INFOPLIST_FILE = LearnSwiftKnowledge/SupportFiles/Info.plist;
				INFOPLIST_KEY_UIApplicationSupportsIndirectInputEvents = YES;
				INFOPLIST_KEY_UILaunchStoryboardName = LaunchScreen;
				INFOPLIST_KEY_UIMainStoryboardFile = Main;
				INFOPLIST_KEY_UISupportedInterfaceOrientations_iPad = "UIInterfaceOrientationPortrait UIInterfaceOrientationPortraitUpsideDown UIInterfaceOrientationLandscapeLeft UIInterfaceOrientationLandscapeRight";
				INFOPLIST_KEY_UISupportedInterfaceOrientations_iPhone = "UIInterfaceOrientationPortrait UIInterfaceOrientationLandscapeLeft UIInterfaceOrientationLandscapeRight";
				IPHONEOS_DEPLOYMENT_TARGET = 15.6;
				LD_RUNPATH_SEARCH_PATHS = (
					"$(inherited)",
					"@executable_path/Frameworks",
				);
				MARKETING_VERSION = 1.0;
				PRODUCT_BUNDLE_IDENTIFIER = com.hnxaca.LearnSwiftKnowledge;
				PRODUCT_NAME = "$(TARGET_NAME)";
				STRING_CATALOG_GENERATE_SYMBOLS = YES;
				SWIFT_APPROACHABLE_CONCURRENCY = YES;
				SWIFT_DEFAULT_ACTOR_ISOLATION = MainActor;
				SWIFT_EMIT_LOC_STRINGS = YES;
				SWIFT_UPCOMING_FEATURE_MEMBER_IMPORT_VISIBILITY = YES;
				SWIFT_VERSION = 5.0;
				TARGETED_DEVICE_FAMILY = "1,2";
			};
			name = Release;
		};
		9AF76A652EFB888000A9F228 /* Debug */ = {
			isa = XCBuildConfiguration;
			buildSettings = {
				ALWAYS_SEARCH_USER_PATHS = NO;
				ASSETCATALOG_COMPILER_GENERATE_SWIFT_ASSET_SYMBOL_EXTENSIONS = YES;
				CLANG_ANALYZER_NONNULL = YES;
				CLANG_ANALYZER_NUMBER_OBJECT_CONVERSION = YES_AGGRESSIVE;
				CLANG_CXX_LANGUAGE_STANDARD = "gnu++20";
				CLANG_ENABLE_MODULES = YES;
				CLANG_ENABLE_OBJC_ARC = YES;
				CLANG_ENABLE_OBJC_WEAK = YES;
				CLANG_WARN_BLOCK_CAPTURE_AUTORELEASING = YES;
				CLANG_WARN_BOOL_CONVERSION = YES;
				CLANG_WARN_COMMA = YES;
				CLANG_WARN_CONSTANT_CONVERSION = YES;
				CLANG_WARN_DEPRECATED_OBJC_IMPLEMENTATIONS = YES;
				CLANG_WARN_DIRECT_OBJC_ISA_USAGE = YES_ERROR;
				CLANG_WARN_DOCUMENTATION_COMMENTS = YES;
				CLANG_WARN_EMPTY_BODY = YES;
				CLANG_WARN_ENUM_CONVERSION = YES;
				CLANG_WARN_INFINITE_RECURSION = YES;
				CLANG_WARN_INT_CONVERSION = YES;
				CLANG_WARN_NON_LITERAL_NULL_CONVERSION = YES;
				CLANG_WARN_OBJC_IMPLICIT_RETAIN_SELF = YES;
				CLANG_WARN_OBJC_LITERAL_CONVERSION = YES;
				CLANG_WARN_OBJC_ROOT_CLASS = YES_ERROR;
				CLANG_WARN_QUOTED_INCLUDE_IN_FRAMEWORK_HEADER = YES;
				CLANG_WARN_RANGE_LOOP_ANALYSIS = YES;
				CLANG_WARN_STRICT_PROTOTYPES = YES;
				CLANG_WARN_SUSPICIOUS_MOVE = YES;
				CLANG_WARN_UNGUARDED_AVAILABILITY = YES_AGGRESSIVE;
				CLANG_WARN_UNREACHABLE_CODE = YES;
				CLANG_WARN__DUPLICATE_METHOD_MATCH = YES;
				COPY_PHASE_STRIP = NO;
				DEBUG_INFORMATION_FORMAT = dwarf;
				DEVELOPMENT_TEAM = UDA394K6L3;
				ENABLE_STRICT_OBJC_MSGSEND = YES;
				ENABLE_TESTABILITY = YES;
				ENABLE_USER_SCRIPT_SANDBOXING = YES;
				GCC_C_LANGUAGE_STANDARD = gnu17;
				GCC_DYNAMIC_NO_PIC = NO;
				GCC_NO_COMMON_BLOCKS = YES;
				GCC_OPTIMIZATION_LEVEL = 0;
				GCC_PREPROCESSOR_DEFINITIONS = (
					"DEBUG=1",
					"$(inherited)",
				);
				GCC_WARN_64_TO_32_BIT_CONVERSION = YES;
				GCC_WARN_ABOUT_RETURN_TYPE = YES_ERROR;
				GCC_WARN_UNDECLARED_SELECTOR = YES;
				GCC_WARN_UNINITIALIZED_AUTOS = YES_AGGRESSIVE;
				GCC_WARN_UNUSED_FUNCTION = YES;
				GCC_WARN_UNUSED_VARIABLE = YES;
				INFOPLIST_FILE = "";
				IPHONEOS_DEPLOYMENT_TARGET = 26.2;
				LOCALIZATION_PREFERS_STRING_CATALOGS = YES;
				MTL_ENABLE_DEBUG_INFO = INCLUDE_SOURCE;
				MTL_FAST_MATH = YES;
				ONLY_ACTIVE_ARCH = YES;
				SDKROOT = iphoneos;
				SWIFT_ACTIVE_COMPILATION_CONDITIONS = "DEBUG $(inherited)";
				SWIFT_OPTIMIZATION_LEVEL = "-Onone";
			};
			name = Debug;
		};
		9AF76A662EFB888000A9F228 /* Release */ = {
			isa = XCBuildConfiguration;
			buildSettings = {
				ALWAYS_SEARCH_USER_PATHS = NO;
				ASSETCATALOG_COMPILER_GENERATE_SWIFT_ASSET_SYMBOL_EXTENSIONS = YES;
				CLANG_ANALYZER_NONNULL = YES;
				CLANG_ANALYZER_NUMBER_OBJECT_CONVERSION = YES_AGGRESSIVE;
				CLANG_CXX_LANGUAGE_STANDARD = "gnu++20";
				CLANG_ENABLE_MODULES = YES;
				CLANG_ENABLE_OBJC_ARC = YES;
				CLANG_ENABLE_OBJC_WEAK = YES;
				CLANG_WARN_BLOCK_CAPTURE_AUTORELEASING = YES;
				CLANG_WARN_BOOL_CONVERSION = YES;
				CLANG_WARN_COMMA = YES;
				CLANG_WARN_CONSTANT_CONVERSION = YES;
				CLANG_WARN_DEPRECATED_OBJC_IMPLEMENTATIONS = YES;
				CLANG_WARN_DIRECT_OBJC_ISA_USAGE = YES_ERROR;
				CLANG_WARN_DOCUMENTATION_COMMENTS = YES;
				CLANG_WARN_EMPTY_BODY = YES;
				CLANG_WARN_ENUM_CONVERSION = YES;
				CLANG_WARN_INFINITE_RECURSION = YES;
				CLANG_WARN_INT_CONVERSION = YES;
				CLANG_WARN_NON_LITERAL_NULL_CONVERSION = YES;
				CLANG_WARN_OBJC_IMPLICIT_RETAIN_SELF = YES;
				CLANG_WARN_OBJC_LITERAL_CONVERSION = YES;
				CLANG_WARN_OBJC_ROOT_CLASS = YES_ERROR;
				CLANG_WARN_QUOTED_INCLUDE_IN_FRAMEWORK_HEADER = YES;
				CLANG_WARN_RANGE_LOOP_ANALYSIS = YES;
				CLANG_WARN_STRICT_PROTOTYPES = YES;
				CLANG_WARN_SUSPICIOUS_MOVE = YES;
				CLANG_WARN_UNGUARDED_AVAILABILITY = YES_AGGRESSIVE;
				CLANG_WARN_UNREACHABLE_CODE = YES;
				CLANG_WARN__DUPLICATE_METHOD_MATCH = YES;
				COPY_PHASE_STRIP = NO;
				DEBUG_INFORMATION_FORMAT = "dwarf-with-dsym";
				DEVELOPMENT_TEAM = UDA394K6L3;
				ENABLE_NS_ASSERTIONS = NO;
				ENABLE_STRICT_OBJC_MSGSEND = YES;
				ENABLE_USER_SCRIPT_SANDBOXING = YES;
				GCC_C_LANGUAGE_STANDARD = gnu17;
				GCC_NO_COMMON_BLOCKS = YES;
				GCC_WARN_64_TO_32_BIT_CONVERSION = YES;
				GCC_WARN_ABOUT_RETURN_TYPE = YES_ERROR;
				GCC_WARN_UNDECLARED_SELECTOR = YES;
				GCC_WARN_UNINITIALIZED_AUTOS = YES_AGGRESSIVE;
				GCC_WARN_UNUSED_FUNCTION = YES;
				GCC_WARN_UNUSED_VARIABLE = YES;
				INFOPLIST_FILE = "";
				IPHONEOS_DEPLOYMENT_TARGET = 26.2;
				LOCALIZATION_PREFERS_STRING_CATALOGS = YES;
				MTL_ENABLE_DEBUG_INFO = NO;
				MTL_FAST_MATH = YES;
				SDKROOT = iphoneos;
				SWIFT_COMPILATION_MODE = wholemodule;
				VALIDATE_PRODUCT = YES;
			};
			name = Release;
		};
/* End XCBuildConfiguration section */

/* Begin XCConfigurationList section */
		9AF76A472EFB887F00A9F228 /* Build configuration list for PBXProject "LearnSwiftKnowledge" */ = {
			isa = XCConfigurationList;
			buildConfigurations = (
				9AF76A652EFB888000A9F228 /* Debug */,
				9AF76A662EFB888000A9F228 /* Release */,
			);
			defaultConfigurationIsVisible = 0;
			defaultConfigurationName = Release;
		};
		9AF76A622EFB888000A9F228 /* Build configuration list for PBXNativeTarget "LearnSwiftKnowledge" */ = {
			isa = XCConfigurationList;
			buildConfigurations = (
				9AF76A632EFB888000A9F228 /* Debug */,
				9AF76A642EFB888000A9F228 /* Release */,
			);
			defaultConfigurationIsVisible = 0;
			defaultConfigurationName = Release;
		};
/* End XCConfigurationList section */

/* Begin XCRemoteSwiftPackageReference section */
		9AE9663E2EFD066400A0EE53 /* XCRemoteSwiftPackageReference "DZNEmptyDataSet" */ = {
			isa = XCRemoteSwiftPackageReference;
			repositoryURL = "https://github.com/dzenbot/DZNEmptyDataSet";
			requirement = {
				branch = master;
				kind = branch;
			};
		};
		9AE967672EFD0A0D00A0EE53 /* XCRemoteSwiftPackageReference "LSDObjcSugar" */ = {
			isa = XCRemoteSwiftPackageReference;
			repositoryURL = "https://github.com/OnePiece8887/LSDObjcSugar.git";
			requirement = {
				kind = upToNextMajorVersion;
				minimumVersion = 3.2.1;
			};
		};
		9AE968952EFD0F6500A0EE53 /* XCRemoteSwiftPackageReference "LSDObjcSugar" */ = {
			isa = XCRemoteSwiftPackageReference;
			repositoryURL = "https://github.com/OnePiece8887/LSDObjcSugar.git";
			requirement = {
				kind = upToNextMajorVersion;
				minimumVersion = 3.2.1;
			};
		};
		9AF76F882EFBCA6000A9F228 /* XCRemoteSwiftPackageReference "SwiftUIX" */ = {
			isa = XCRemoteSwiftPackageReference;
			repositoryURL = "https://github.com/SwiftUIX/SwiftUIX.git";
			requirement = {
				kind = upToNextMajorVersion;
				minimumVersion = 0.2.4;
			};
		};
		9AF770202EFCD08C00A9F228 /* XCRemoteSwiftPackageReference "SwifterSwift" */ = {
			isa = XCRemoteSwiftPackageReference;
			repositoryURL = "https://github.com/SwifterSwift/SwifterSwift.git";
			requirement = {
				kind = upToNextMajorVersion;
				minimumVersion = 8.0.0;
			};
		};
		9AF770B62EFCD11200A9F228 /* XCRemoteSwiftPackageReference "Moya" */ = {
			isa = XCRemoteSwiftPackageReference;
			repositoryURL = "https://github.com/Moya/Moya.git";
			requirement = {
				kind = upToNextMajorVersion;
				minimumVersion = 15.0.3;
			};
		};
		9AF771522EFCD2BB00A9F228 /* XCRemoteSwiftPackageReference "SnapKit" */ = {
			isa = XCRemoteSwiftPackageReference;
			repositoryURL = "https://github.com/SnapKit/SnapKit.git";
			requirement = {
				kind = upToNextMajorVersion;
				minimumVersion = 5.7.1;
			};
		};
		9AF771EA2EFCD3E400A9F228 /* XCRemoteSwiftPackageReference "CryptoSwift" */ = {
			isa = XCRemoteSwiftPackageReference;
			repositoryURL = "https://github.com/krzyzanowskim/CryptoSwift.git";
			requirement = {
				kind = upToNextMajorVersion;
				minimumVersion = 1.9.0;
			};
		};
		9AF772802EFCD47800A9F228 /* XCRemoteSwiftPackageReference "UIAdapter" */ = {
			isa = XCRemoteSwiftPackageReference;
			repositoryURL = "https://github.com/lixiang1994/UIAdapter.git";
			requirement = {
				kind = upToNextMajorVersion;
				minimumVersion = 1.4.0;
			};
		};
		9AF772832EFCD4CB00A9F228 /* XCRemoteSwiftPackageReference "BonMot" */ = {
			isa = XCRemoteSwiftPackageReference;
			repositoryURL = "https://github.com/Rightpoint/BonMot.git";
			requirement = {
				kind = upToNextMajorVersion;
				minimumVersion = 6.1.3;
			};
		};
		9AF772862EFCD68B00A9F228 /* XCRemoteSwiftPackageReference "CocoaLumberjack" */ = {
			isa = XCRemoteSwiftPackageReference;
			repositoryURL = "https://github.com/CocoaLumberjack/CocoaLumberjack";
			requirement = {
				kind = upToNextMajorVersion;
				minimumVersion = 3.9.0;
			};
		};
		9AF773202EFCD6DB00A9F228 /* XCRemoteSwiftPackageReference "SwiftMessages" */ = {
			isa = XCRemoteSwiftPackageReference;
			repositoryURL = "https://github.com/SwiftKickMobile/SwiftMessages.git";
			requirement = {
				kind = upToNextMajorVersion;
				minimumVersion = 10.0.2;
			};
		};
		9AF773252EFCD75E00A9F228 /* XCRemoteSwiftPackageReference "SwiftyUserDefaults" */ = {
			isa = XCRemoteSwiftPackageReference;
			repositoryURL = "https://github.com/sunshinejr/SwiftyUserDefaults.git";
			requirement = {
				kind = upToNextMajorVersion;
				minimumVersion = 5.3.0;
			};
		};
		9AF773282EFCD7FE00A9F228 /* XCRemoteSwiftPackageReference "DNSPageView" */ = {
			isa = XCRemoteSwiftPackageReference;
			repositoryURL = "https://github.com/Danie1s/DNSPageView.git";
			requirement = {
				kind = upToNextMajorVersion;
				minimumVersion = 2.2.0;
			};
		};
		9AF7732B2EFCD88200A9F228 /* XCRemoteSwiftPackageReference "KeychainAccess" */ = {
			isa = XCRemoteSwiftPackageReference;
			repositoryURL = "https://github.com/kishikawakatsumi/KeychainAccess.git";
			requirement = {
				branch = master;
				kind = branch;
			};
		};
		9AF7732E2EFCD8F200A9F228 /* XCRemoteSwiftPackageReference "Kingfisher" */ = {
			isa = XCRemoteSwiftPackageReference;
			repositoryURL = "https://github.com/onevcat/Kingfisher.git";
			requirement = {
				kind = upToNextMajorVersion;
				minimumVersion = 8.6.2;
			};
		};
		9AF773312EFCD94A00A9F228 /* XCRemoteSwiftPackageReference "IQKeyboardManager" */ = {
			isa = XCRemoteSwiftPackageReference;
			repositoryURL = "https://github.com/hackiftekhar/IQKeyboardManager.git";
			requirement = {
				kind = upToNextMajorVersion;
				minimumVersion = 8.0.2;
			};
		};
		9AF775802EFCDDAD00A9F228 /* XCRemoteSwiftPackageReference "FSCalendar" */ = {
			isa = XCRemoteSwiftPackageReference;
			repositoryURL = "https://github.com/WenchaoD/FSCalendar.git";
			requirement = {
				kind = upToNextMajorVersion;
				minimumVersion = 2.8.4;
			};
		};
		9AF775832EFCE09200A9F228 /* XCRemoteSwiftPackageReference "ESTabBarController" */ = {
			isa = XCRemoteSwiftPackageReference;
			repositoryURL = "https://github.com/eggswift/ESTabBarController.git";
			requirement = {
				kind = upToNextMajorVersion;
				minimumVersion = 2.9.0;
			};
		};
		9AF775862EFCE25400A9F228 /* XCRemoteSwiftPackageReference "TOCropViewController" */ = {
			isa = XCRemoteSwiftPackageReference;
			repositoryURL = "https://github.com/TimOliver/TOCropViewController.git";
			requirement = {
				kind = upToNextMajorVersion;
				minimumVersion = 3.1.1;
			};
		};
		9AF7761E2EFCE2FE00A9F228 /* XCRemoteSwiftPackageReference "MJRefresh" */ = {
			isa = XCRemoteSwiftPackageReference;
			repositoryURL = "https://github.com/CoderMJLee/MJRefresh.git";
			requirement = {
				kind = upToNextMajorVersion;
				minimumVersion = 3.7.9;
			};
		};
		9AF776212EFCE38800A9F228 /* XCRemoteSwiftPackageReference "MBProgressHUD" */ = {
			isa = XCRemoteSwiftPackageReference;
			repositoryURL = "https://github.com/jdg/MBProgressHUD.git";
			requirement = {
				kind = upToNextMajorVersion;
				minimumVersion = 1.2.0;
			};
		};
		9AF776B72EFCE45400A9F228 /* XCRemoteSwiftPackageReference "SVProgressHUD" */ = {
			isa = XCRemoteSwiftPackageReference;
			repositoryURL = "https://github.com/SVProgressHUD/SVProgressHUD.git";
			requirement = {
				kind = upToNextMajorVersion;
				minimumVersion = 2.3.1;
			};
		};
/* End XCRemoteSwiftPackageReference section */

/* Begin XCSwiftPackageProductDependency section */
		9AE9663F2EFD066400A0EE53 /* DZNEmptyDataSet */ = {
			isa = XCSwiftPackageProductDependency;
			package = 9AE9663E2EFD066400A0EE53 /* XCRemoteSwiftPackageReference "DZNEmptyDataSet" */;
			productName = DZNEmptyDataSet;
		};
		9AE967682EFD0A0D00A0EE53 /* LSDObjcSugar */ = {
			isa = XCSwiftPackageProductDependency;
			package = 9AE967672EFD0A0D00A0EE53 /* XCRemoteSwiftPackageReference "LSDObjcSugar" */;
			productName = LSDObjcSugar;
		};
		9AE968962EFD0F6500A0EE53 /* LSDObjcSugar */ = {
			isa = XCSwiftPackageProductDependency;
			package = 9AE968952EFD0F6500A0EE53 /* XCRemoteSwiftPackageReference "LSDObjcSugar" */;
			productName = LSDObjcSugar;
		};
		9AF76F892EFBCA6000A9F228 /* SwiftUIX */ = {
			isa = XCSwiftPackageProductDependency;
			package = 9AF76F882EFBCA6000A9F228 /* XCRemoteSwiftPackageReference "SwiftUIX" */;
			productName = SwiftUIX;
		};
		9AF770212EFCD08C00A9F228 /* SwifterSwift */ = {
			isa = XCSwiftPackageProductDependency;
			package = 9AF770202EFCD08C00A9F228 /* XCRemoteSwiftPackageReference "SwifterSwift" */;
			productName = SwifterSwift;
		};
		9AF770B72EFCD11200A9F228 /* CombineMoya */ = {
			isa = XCSwiftPackageProductDependency;
			package = 9AF770B62EFCD11200A9F228 /* XCRemoteSwiftPackageReference "Moya" */;
			productName = CombineMoya;
		};
		9AF770B92EFCD11200A9F228 /* Moya */ = {
			isa = XCSwiftPackageProductDependency;
			package = 9AF770B62EFCD11200A9F228 /* XCRemoteSwiftPackageReference "Moya" */;
			productName = Moya;
		};
		9AF770BB2EFCD11200A9F228 /* ReactiveMoya */ = {
			isa = XCSwiftPackageProductDependency;
			package = 9AF770B62EFCD11200A9F228 /* XCRemoteSwiftPackageReference "Moya" */;
			productName = ReactiveMoya;
		};
		9AF770BD2EFCD11200A9F228 /* RxMoya */ = {
			isa = XCSwiftPackageProductDependency;
			package = 9AF770B62EFCD11200A9F228 /* XCRemoteSwiftPackageReference "Moya" */;
			productName = RxMoya;
		};
		9AF771532EFCD2BB00A9F228 /* SnapKit */ = {
			isa = XCSwiftPackageProductDependency;
			package = 9AF771522EFCD2BB00A9F228 /* XCRemoteSwiftPackageReference "SnapKit" */;
			productName = SnapKit;
		};
		9AF771EB2EFCD3E400A9F228 /* CryptoSwift */ = {
			isa = XCSwiftPackageProductDependency;
			package = 9AF771EA2EFCD3E400A9F228 /* XCRemoteSwiftPackageReference "CryptoSwift" */;
			productName = CryptoSwift;
		};
		9AF772812EFCD47800A9F228 /* UIAdapter */ = {
			isa = XCSwiftPackageProductDependency;
			package = 9AF772802EFCD47800A9F228 /* XCRemoteSwiftPackageReference "UIAdapter" */;
			productName = UIAdapter;
		};
		9AF772842EFCD4CC00A9F228 /* BonMot */ = {
			isa = XCSwiftPackageProductDependency;
			package = 9AF772832EFCD4CB00A9F228 /* XCRemoteSwiftPackageReference "BonMot" */;
			productName = BonMot;
		};
		9AF772872EFCD68B00A9F228 /* CocoaLumberjack */ = {
			isa = XCSwiftPackageProductDependency;
			package = 9AF772862EFCD68B00A9F228 /* XCRemoteSwiftPackageReference "CocoaLumberjack" */;
			productName = CocoaLumberjack;
		};
		9AF772892EFCD68B00A9F228 /* CocoaLumberjackSwift */ = {
			isa = XCSwiftPackageProductDependency;
			package = 9AF772862EFCD68B00A9F228 /* XCRemoteSwiftPackageReference "CocoaLumberjack" */;
			productName = CocoaLumberjackSwift;
		};
		9AF7728B2EFCD68B00A9F228 /* CocoaLumberjackSwiftLogBackend */ = {
			isa = XCSwiftPackageProductDependency;
			package = 9AF772862EFCD68B00A9F228 /* XCRemoteSwiftPackageReference "CocoaLumberjack" */;
			productName = CocoaLumberjackSwiftLogBackend;
		};
		9AF773212EFCD6DB00A9F228 /* SwiftMessages */ = {
			isa = XCSwiftPackageProductDependency;
			package = 9AF773202EFCD6DB00A9F228 /* XCRemoteSwiftPackageReference "SwiftMessages" */;
			productName = SwiftMessages;
		};
		9AF773262EFCD75E00A9F228 /* SwiftyUserDefaults */ = {
			isa = XCSwiftPackageProductDependency;
			package = 9AF773252EFCD75E00A9F228 /* XCRemoteSwiftPackageReference "SwiftyUserDefaults" */;
			productName = SwiftyUserDefaults;
		};
		9AF773292EFCD7FE00A9F228 /* DNSPageView */ = {
			isa = XCSwiftPackageProductDependency;
			package = 9AF773282EFCD7FE00A9F228 /* XCRemoteSwiftPackageReference "DNSPageView" */;
			productName = DNSPageView;
		};
		9AF7732C2EFCD88200A9F228 /* KeychainAccess */ = {
			isa = XCSwiftPackageProductDependency;
			package = 9AF7732B2EFCD88200A9F228 /* XCRemoteSwiftPackageReference "KeychainAccess" */;
			productName = KeychainAccess;
		};
		9AF7732F2EFCD8F300A9F228 /* Kingfisher */ = {
			isa = XCSwiftPackageProductDependency;
			package = 9AF7732E2EFCD8F200A9F228 /* XCRemoteSwiftPackageReference "Kingfisher" */;
			productName = Kingfisher;
		};
		9AF773322EFCD94A00A9F228 /* IQKeyboardManagerSwift */ = {
			isa = XCSwiftPackageProductDependency;
			package = 9AF773312EFCD94A00A9F228 /* XCRemoteSwiftPackageReference "IQKeyboardManager" */;
			productName = IQKeyboardManagerSwift;
		};
		9AF775812EFCDDAD00A9F228 /* FSCalendar */ = {
			isa = XCSwiftPackageProductDependency;
			package = 9AF775802EFCDDAD00A9F228 /* XCRemoteSwiftPackageReference "FSCalendar" */;
			productName = FSCalendar;
		};
		9AF775842EFCE09200A9F228 /* ESTabBarController */ = {
			isa = XCSwiftPackageProductDependency;
			package = 9AF775832EFCE09200A9F228 /* XCRemoteSwiftPackageReference "ESTabBarController" */;
			productName = ESTabBarController;
		};
		9AF775872EFCE25400A9F228 /* CropViewController */ = {
			isa = XCSwiftPackageProductDependency;
			package = 9AF775862EFCE25400A9F228 /* XCRemoteSwiftPackageReference "TOCropViewController" */;
			productName = CropViewController;
		};
		9AF775892EFCE25400A9F228 /* TOCropViewController */ = {
			isa = XCSwiftPackageProductDependency;
			package = 9AF775862EFCE25400A9F228 /* XCRemoteSwiftPackageReference "TOCropViewController" */;
			productName = TOCropViewController;
		};
		9AF7761F2EFCE2FE00A9F228 /* MJRefresh */ = {
			isa = XCSwiftPackageProductDependency;
			package = 9AF7761E2EFCE2FE00A9F228 /* XCRemoteSwiftPackageReference "MJRefresh" */;
			productName = MJRefresh;
		};
		9AF776222EFCE38800A9F228 /* MBProgressHUD */ = {
			isa = XCSwiftPackageProductDependency;
			package = 9AF776212EFCE38800A9F228 /* XCRemoteSwiftPackageReference "MBProgressHUD" */;
			productName = MBProgressHUD;
		};
		9AF776B82EFCE45400A9F228 /* SVProgressHUD */ = {
			isa = XCSwiftPackageProductDependency;
			package = 9AF776B72EFCE45400A9F228 /* XCRemoteSwiftPackageReference "SVProgressHUD" */;
			productName = SVProgressHUD;
		};
/* End XCSwiftPackageProductDependency section */
	};
	rootObject = 9AF76A442EFB887F00A9F228 /* Project object */;
}
